
Microsoft Visual Studio Solution File, Format Version 12.00
# Visual Studio Version 16
VisualStudioVersion = 16.0.31727.386
MinimumVisualStudioVersion = 10.0.40219.1
Project("{8BC9CEB8-8B4A-11D0-8D11-00A0C91BC942}") = "22.10.30", "22.10.30.vcxproj", "{BF670B56-0E77-4E9A-AE72-945A5693E11B}"
EndProject
Global
	GlobalSection(SolutionConfigurationPlatforms) = preSolution
		Debug|x64 = Debug|x64
		Debug|x86 = Debug|x86
		Release|x64 = Release|x64
		Release|x86 = Release|x86
	EndGlobalSection
	GlobalSection(ProjectConfigurationPlatforms) = postSolution
		{BF670B56-0E77-4E9A-AE72-945A5693E11B}.Debug|x64.ActiveCfg = Debug|x64
		{BF670B56-0E77-4E9A-AE72-945A5693E11B}.Debug|x64.Build.0 = Debug|x64
		{BF670B56-0E77-4E9A-AE72-945A5693E11B}.Debug|x86.ActiveCfg = Debug|Win32
		{BF670B56-0E77-4E9A-AE72-945A5693E11B}.Debug|x86.Build.0 = Debug|Win32
		{BF670B56-0E77-4E9A-AE72-945A5693E11B}.Release|x64.ActiveCfg = Release|x64
		{BF670B56-0E77-4E9A-AE72-945A5693E11B}.Release|x64.Build.0 = Release|x64
		{BF670B56-0E77-4E9A-AE72-945A5693E11B}.Release|x86.ActiveCfg = Release|Win32
		{BF670B56-0E77-4E9A-AE72-945A5693E11B}.Release|x86.Build.0 = Release|Win32
	EndGlobalSection
	GlobalSection(SolutionProperties) = preSolution
		HideSolutionNode = FALSE
	EndGlobalSection
	GlobalSection(ExtensibilityGlobals) = postSolution
		SolutionGuid = {14902420-799F-46B0-A531-9E189EAE9091}
	EndGlobalSection
EndGlobal
